Microsoft Visual Studio Solution File, Format Version 12.00
# Visual Studio Version 17
VisualStudioVersion = 17.5.2.0
MinimumVisualStudioVersion = 10.0.40219.1
Project("{2150E333-8FDC-42A3-9474-1A3956D46DE8}") = "GymTraineeServer", "GymTraineeServer", "{145ECF5D-47A5-8FA4-5CF8-A5DE6041AC18}"
EndProject
Project("{FAE04EC0-301F-11D3-BF4B-00C04F79EFBC}") = "GymTraineeServer", "GymTraineeServer\GymTraineeServer\GymTraineeServer.csproj", "{E517B45C-31BA-45A2-951B-EFA686CF15C6}"
EndProject
Global
	GlobalSection(SolutionConfigurationPlatforms) = preSolution
		Debug|Any CPU = Debug|Any CPU
		Release|Any CPU = Release|Any CPU
	EndGlobalSection
	GlobalSection(ProjectConfigurationPlatforms) = postSolution
		{E517B45C-31BA-45A2-951B-EFA686CF15C6}.Debug|Any CPU.ActiveCfg = Debug|Any CPU
		{E517B45C-31BA-45A2-951B-EFA686CF15C6}.Debug|Any CPU.Build.0 = Debug|Any CPU
		{E517B45C-31BA-45A2-951B-EFA686CF15C6}.Release|Any CPU.ActiveCfg = Release|Any CPU
		{E517B45C-31BA-45A2-951B-EFA686CF15C6}.Release|Any CPU.Build.0 = Release|Any CPU
	EndGlobalSection
	GlobalSection(SolutionProperties) = preSolution
		HideSolutionNode = FALSE
	EndGlobalSection
	GlobalSection(NestedProjects) = preSolution
		{E517B45C-31BA-45A2-951B-EFA686CF15C6} = {145ECF5D-47A5-8FA4-5CF8-A5DE6041AC18}
	EndGlobalSection
	GlobalSection(ExtensibilityGlobals) = postSolution
		SolutionGuid = {21C6707E-DF4F-458A-8B7B-FBF92A5B370E}
	EndGlobalSection
EndGlobal
